
Microsoft Visual Studio Solution File, Format Version 12.00
# Visual Studio 2013
VisualStudioVersion = 12.0.40629.0
MinimumVisualStudioVersion = 10.0.40219.1
Project("{FAE04EC0-301F-11D3-BF4B-00C04F79EFBC}") = "ASPWebFormDapperDemo", "ASPWebFormDapperDemo\ASPWebFormDapperDemo.csproj", "{7A5BA469-A30B-4FB0-B394-49E42D4BC925}"
EndProject
Project("{2150E333-8FDC-42A3-9474-1A3956D46DE8}") = "Solution Items", "Solution Items", "{7DBB3702-9ECB-4460-A60D-653BA7722C8D}"
	ProjectSection(SolutionItems) = preProject
		CreateTableScript.txt = CreateTableScript.txt
		Github Repository Details.txt = Github Repository Details.txt
		Notes.txt = Notes.txt
	EndProjectSection
EndProject
Global
	GlobalSection(SolutionConfigurationPlatforms) = preSolution
		Debug|Any CPU = Debug|Any CPU
		Release|Any CPU = Release|Any CPU
	EndGlobalSection
	GlobalSection(ProjectConfigurationPlatforms) = postSolution
		{7A5BA469-A30B-4FB0-B394-49E42D4BC925}.Debug|Any CPU.ActiveCfg = Debug|Any CPU
		{7A5BA469-A30B-4FB0-B394-49E42D4BC925}.Debug|Any CPU.Build.0 = Debug|Any CPU
		{7A5BA469-A30B-4FB0-B394-49E42D4BC925}.Release|Any CPU.ActiveCfg = Release|Any CPU
		{7A5BA469-A30B-4FB0-B394-49E42D4BC925}.Release|Any CPU.Build.0 = Release|Any CPU
	EndGlobalSection
	GlobalSection(SolutionProperties) = preSolution
		HideSolutionNode = FALSE
	EndGlobalSection
EndGlobal
